
Microsoft Visual Studio Solution File, Format Version 12.00
# Visual Studio Version 17
VisualStudioVersion = 17.0.32014.148
MinimumVisualStudioVersion = 10.0.40219.1
Project("{2150E333-8FDC-42A3-9474-1A3956D46DE8}") = "src", "src", "{7C4FB42F-70C5-4E7D-9FD8-B5FEA1B5A6BA}"
EndProject
Project("{9A19103F-16F7-4668-BE54-9A1E7A4F7556}") = "BeerManagement.Web", "src\BeerManagementCoreServices\BeerManagement.Web.csproj", "{3AC630DF-2F4C-4304-B133-8E86AB85D827}"
EndProject
Project("{2150E333-8FDC-42A3-9474-1A3956D46DE8}") = "Solution Items", "Solution Items", "{47B41E0C-9A2F-49E3-AE0C-FCC6FD42BE01}"
	ProjectSection(SolutionItems) = preProject
		README.md = README.md
	EndProjectSection
EndProject
Project("{2150E333-8FDC-42A3-9474-1A3956D46DE8}") = "tests", "tests", "{2158EE31-46C5-47E1-AFB8-8AC987A87219}"
EndProject
Project("{FAE04EC0-301F-11D3-BF4B-00C04F79EFBC}") = "BeerManagement.Services", "src\BeerManagement.Services\BeerManagement.Services.csproj", "{E3F26C23-F6A4-43FA-8377-A9D37F734A0F}"
EndProject
Project("{FAE04EC0-301F-11D3-BF4B-00C04F79EFBC}") = "BeerManagement.Models", "src\BeerManagement.Models\BeerManagement.Models.csproj", "{1461E4D6-9D7C-4673-BBBE-CF5A58ED4AF5}"
EndProject
Project("{FAE04EC0-301F-11D3-BF4B-00C04F79EFBC}") = "BeerManagement.Repository", "src\BeerManagement.Repository\BeerManagement.Repository.csproj", "{A90B488D-0081-45BE-9207-08BDDB5ED9FE}"
EndProject
Project("{FAE04EC0-301F-11D3-BF4B-00C04F79EFBC}") = "BeerManagement.Web.Controllers.Test", "tests\BeerManagement.Web.Controllers.Test\BeerManagement.Web.Controllers.Test.csproj", "{EECA18F1-6B5D-4378-AE42-3B5D7E1F2AD4}"
EndProject
Project("{FAE04EC0-301F-11D3-BF4B-00C04F79EFBC}") = "BeerManagement.Web.Services.Test", "tests\BeerManagement.Web.Services.Test\BeerManagement.Web.Services.Test.csproj", "{33EF4C72-BD22-4B6C-8724-ADDF9CB33AD1}"
EndProject
Global
	GlobalSection(SolutionConfigurationPlatforms) = preSolution
		Debug|Any CPU = Debug|Any CPU
		Release|Any CPU = Release|Any CPU
	EndGlobalSection
	GlobalSection(ProjectConfigurationPlatforms) = postSolution
		{3AC630DF-2F4C-4304-B133-8E86AB85D827}.Debug|Any CPU.ActiveCfg = Debug|Any CPU
		{3AC630DF-2F4C-4304-B133-8E86AB85D827}.Debug|Any CPU.Build.0 = Debug|Any CPU
		{3AC630DF-2F4C-4304-B133-8E86AB85D827}.Release|Any CPU.ActiveCfg = Release|Any CPU
		{3AC630DF-2F4C-4304-B133-8E86AB85D827}.Release|Any CPU.Build.0 = Release|Any CPU
		{E3F26C23-F6A4-43FA-8377-A9D37F734A0F}.Debug|Any CPU.ActiveCfg = Debug|Any CPU
		{E3F26C23-F6A4-43FA-8377-A9D37F734A0F}.Debug|Any CPU.Build.0 = Debug|Any CPU
		{E3F26C23-F6A4-43FA-8377-A9D37F734A0F}.Release|Any CPU.ActiveCfg = Release|Any CPU
		{E3F26C23-F6A4-43FA-8377-A9D37F734A0F}.Release|Any CPU.Build.0 = Release|Any CPU
		{1461E4D6-9D7C-4673-BBBE-CF5A58ED4AF5}.Debug|Any CPU.ActiveCfg = Debug|Any CPU
		{1461E4D6-9D7C-4673-BBBE-CF5A58ED4AF5}.Debug|Any CPU.Build.0 = Debug|Any CPU
		{1461E4D6-9D7C-4673-BBBE-CF5A58ED4AF5}.Release|Any CPU.ActiveCfg = Release|Any CPU
		{1461E4D6-9D7C-4673-BBBE-CF5A58ED4AF5}.Release|Any CPU.Build.0 = Release|Any CPU
		{A90B488D-0081-45BE-9207-08BDDB5ED9FE}.Debug|Any CPU.ActiveCfg = Debug|Any CPU
		{A90B488D-0081-45BE-9207-08BDDB5ED9FE}.Debug|Any CPU.Build.0 = Debug|Any CPU
		{A90B488D-0081-45BE-9207-08BDDB5ED9FE}.Release|Any CPU.ActiveCfg = Release|Any CPU
		{A90B488D-0081-45BE-9207-08BDDB5ED9FE}.Release|Any CPU.Build.0 = Release|Any CPU
		{EECA18F1-6B5D-4378-AE42-3B5D7E1F2AD4}.Debug|Any CPU.ActiveCfg = Debug|Any CPU
		{EECA18F1-6B5D-4378-AE42-3B5D7E1F2AD4}.Debug|Any CPU.Build.0 = Debug|Any CPU
		{EECA18F1-6B5D-4378-AE42-3B5D7E1F2AD4}.Release|Any CPU.ActiveCfg = Release|Any CPU
		{EECA18F1-6B5D-4378-AE42-3B5D7E1F2AD4}.Release|Any CPU.Build.0 = Release|Any CPU
		{33EF4C72-BD22-4B6C-8724-ADDF9CB33AD1}.Debug|Any CPU.ActiveCfg = Debug|Any CPU
		{33EF4C72-BD22-4B6C-8724-ADDF9CB33AD1}.Debug|Any CPU.Build.0 = Debug|Any CPU
		{33EF4C72-BD22-4B6C-8724-ADDF9CB33AD1}.Release|Any CPU.ActiveCfg = Release|Any CPU
		{33EF4C72-BD22-4B6C-8724-ADDF9CB33AD1}.Release|Any CPU.Build.0 = Release|Any CPU
	EndGlobalSection
	GlobalSection(SolutionProperties) = preSolution
		HideSolutionNode = FALSE
	EndGlobalSection
	GlobalSection(NestedProjects) = preSolution
		{3AC630DF-2F4C-4304-B133-8E86AB85D827} = {7C4FB42F-70C5-4E7D-9FD8-B5FEA1B5A6BA}
		{E3F26C23-F6A4-43FA-8377-A9D37F734A0F} = {7C4FB42F-70C5-4E7D-9FD8-B5FEA1B5A6BA}
		{1461E4D6-9D7C-4673-BBBE-CF5A58ED4AF5} = {7C4FB42F-70C5-4E7D-9FD8-B5FEA1B5A6BA}
		{A90B488D-0081-45BE-9207-08BDDB5ED9FE} = {7C4FB42F-70C5-4E7D-9FD8-B5FEA1B5A6BA}
		{EECA18F1-6B5D-4378-AE42-3B5D7E1F2AD4} = {2158EE31-46C5-47E1-AFB8-8AC987A87219}
		{33EF4C72-BD22-4B6C-8724-ADDF9CB33AD1} = {2158EE31-46C5-47E1-AFB8-8AC987A87219}
	EndGlobalSection
	GlobalSection(ExtensibilityGlobals) = postSolution
		SolutionGuid = {5CA90256-B317-47BB-98DF-79A9BD148AB3}
	EndGlobalSection
EndGlobal
